// !$*UTF8*$!
{
	archiveVersion = 1;
	classes = {
	};
	objectVersion = 50;
	objects = {

/* Begin PBXBuildFile section */
		432E411B268350B200412E15 /* AppDelegate.swift in Sources */ = {isa = PBXBuildFile; fileRef = 432E411A268350B200412E15 /* AppDelegate.swift */; };
		432E411D268350B200412E15 /* SceneDelegate.swift in Sources */ = {isa = PBXBuildFile; fileRef = 432E411C268350B200412E15 /* SceneDelegate.swift */; };
		432E411F268350B200412E15 /* PlanetsViewController.swift in Sources */ = {isa = PBXBuildFile; fileRef = 432E411E268350B200412E15 /* PlanetsViewController.swift */; };
		432E4124268350B300412E15 /* Assets.xcassets in Resources */ = {isa = PBXBuildFile; fileRef = 432E4123268350B300412E15 /* Assets.xcassets */; };
		432E4127268350B300412E15 /* LaunchScreen.storyboard in Resources */ = {isa = PBXBuildFile; fileRef = 432E4125268350B300412E15 /* LaunchScreen.storyboard */; };
		432E4132268350B300412E15 /* PlanetsTests.swift in Sources */ = {isa = PBXBuildFile; fileRef = 432E4131268350B300412E15 /* PlanetsTests.swift */; };
		432E413D268350B300412E15 /* PlanetsUITests.swift in Sources */ = {isa = PBXBuildFile; fileRef = 432E413C268350B300412E15 /* PlanetsUITests.swift */; };
		438C8AD2268381EF00F398AA /* PlanetManager.swift in Sources */ = {isa = PBXBuildFile; fileRef = 438C8AD0268381EF00F398AA /* PlanetManager.swift */; };
		438C8AD3268381EF00F398AA /* PlanetModel.swift in Sources */ = {isa = PBXBuildFile; fileRef = 438C8AD1268381EF00F398AA /* PlanetModel.swift */; };
		438C8AE22683834200F398AA /* Main.storyboard in Resources */ = {isa = PBXBuildFile; fileRef = 438C8AE12683834200F398AA /* Main.storyboard */; };
		438C8AED268385B000F398AA /* SplashScreenViewController.swift in Sources */ = {isa = PBXBuildFile; fileRef = 438C8AEC268385B000F398AA /* SplashScreenViewController.swift */; };
		438C8AF2268385C700F398AA /* Constants.swift in Sources */ = {isa = PBXBuildFile; fileRef = 438C8AF1268385C700F398AA /* Constants.swift */; };
		438C8AF926838C8F00F398AA /* LoadingCell.swift in Sources */ = {isa = PBXBuildFile; fileRef = 438C8AF626838C8F00F398AA /* LoadingCell.swift */; };
		438C8AFA26838C8F00F398AA /* NothingFoundCell.xib in Resources */ = {isa = PBXBuildFile; fileRef = 438C8AF726838C8F00F398AA /* NothingFoundCell.xib */; };
		438C8AFB26838C8F00F398AA /* LoadingCell.xib in Resources */ = {isa = PBXBuildFile; fileRef = 438C8AF826838C8F00F398AA /* LoadingCell.xib */; };
		438C8B1226839FCE00F398AA /* DetailViewController.swift in Sources */ = {isa = PBXBuildFile; fileRef = 438C8B1126839FCE00F398AA /* DetailViewController.swift */; };
/* End PBXBuildFile section */

/* Begin PBXContainerItemProxy section */
		432E412E268350B300412E15 /* PBXContainerItemProxy */ = {
			isa = PBXContainerItemProxy;
			containerPortal = 432E410F268350B200412E15 /* Project object */;
			proxyType = 1;
			remoteGlobalIDString = 432E4116268350B200412E15;
			remoteInfo = Planets;
		};
		432E4139268350B300412E15 /* PBXContainerItemProxy */ = {
			isa = PBXContainerItemProxy;
			containerPortal = 432E410F268350B200412E15 /* Project object */;
			proxyType = 1;
			remoteGlobalIDString = 432E4116268350B200412E15;
			remoteInfo = Planets;
		};
/* End PBXContainerItemProxy section */

/* Begin PBXFileReference section */
		432E4117268350B200412E15 /* Planets.app */ = {isa = PBXFileReference; explicitFileType = wrapper.application; includeInIndex = 0; path = Planets.app; sourceTree = BUILT_PRODUCTS_DIR; };
		432E411A268350B200412E15 /* AppDelegate.swift */ = {isa = PBXFileReference; lastKnownFileType = sourcecode.swift; path = AppDelegate.swift; sourceTree = "<group>"; };
		432E411C268350B200412E15 /* SceneDelegate.swift */ = {isa = PBXFileReference; lastKnownFileType = sourcecode.swift; path = SceneDelegate.swift; sourceTree = "<group>"; };
		432E411E268350B200412E15 /* PlanetsViewController.swift */ = {isa = PBXFileReference; lastKnownFileType = sourcecode.swift; path = PlanetsViewController.swift; sourceTree = "<group>"; };
		432E4123268350B300412E15 /* Assets.xcassets */ = {isa = PBXFileReference; lastKnownFileType = folder.assetcatalog; path = Assets.xcassets; sourceTree = "<group>"; };
		432E4126268350B300412E15 /* Base */ = {isa = PBXFileReference; lastKnownFileType = file.storyboard; name = Base; path = Base.lproj/LaunchScreen.storyboard; sourceTree = "<group>"; };
		432E4128268350B300412E15 /* Info.plist */ = {isa = PBXFileReference; lastKnownFileType = text.plist.xml; path = Info.plist; sourceTree = "<group>"; };
		432E412D268350B300412E15 /* PlanetsTests.xctest */ = {isa = PBXFileReference; explicitFileType = wrapper.cfbundle; includeInIndex = 0; path = PlanetsTests.xctest; sourceTree = BUILT_PRODUCTS_DIR; };
		432E4131268350B300412E15 /* PlanetsTests.swift */ = {isa = PBXFileReference; lastKnownFileType = sourcecode.swift; path = PlanetsTests.swift; sourceTree = "<group>"; };
		432E4133268350B300412E15 /* Info.plist */ = {isa = PBXFileReference; lastKnownFileType = text.plist.xml; path = Info.plist; sourceTree = "<group>"; };
		432E4138268350B300412E15 /* PlanetsUITests.xctest */ = {isa = PBXFileReference; explicitFileType = wrapper.cfbundle; includeInIndex = 0; path = PlanetsUITests.xctest; sourceTree = BUILT_PRODUCTS_DIR; };
		432E413C268350B300412E15 /* PlanetsUITests.swift */ = {isa = PBXFileReference; lastKnownFileType = sourcecode.swift; path = PlanetsUITests.swift; sourceTree = "<group>"; };
		432E413E268350B300412E15 /* Info.plist */ = {isa = PBXFileReference; lastKnownFileType = text.plist.xml; path = Info.plist; sourceTree = "<group>"; };
		438C8AD0268381EF00F398AA /* PlanetManager.swift */ = {isa = PBXFileReference; fileEncoding = 4; lastKnownFileType = sourcecode.swift; path = PlanetManager.swift; sourceTree = "<group>"; };
		438C8AD1268381EF00F398AA /* PlanetModel.swift */ = {isa = PBXFileReference; fileEncoding = 4; lastKnownFileType = sourcecode.swift; path = PlanetModel.swift; sourceTree = "<group>"; };
		438C8AE12683834200F398AA /* Main.storyboard */ = {isa = PBXFileReference; fileEncoding = 4; lastKnownFileType = file.storyboard; path = Main.storyboard; sourceTree = "<group>"; };
		438C8AEC268385B000F398AA /* SplashScreenViewController.swift */ = {isa = PBXFileReference; fileEncoding = 4; lastKnownFileType = sourcecode.swift; path = SplashScreenViewController.swift; sourceTree = "<group>"; };
		438C8AF1268385C700F398AA /* Constants.swift */ = {isa = PBXFileReference; fileEncoding = 4; lastKnownFileType = sourcecode.swift; path = Constants.swift; sourceTree = "<group>"; };
		438C8AF626838C8F00F398AA /* LoadingCell.swift */ = {isa = PBXFileReference; fileEncoding = 4; lastKnownFileType = sourcecode.swift; path = LoadingCell.swift; sourceTree = "<group>"; };
		438C8AF726838C8F00F398AA /* NothingFoundCell.xib */ = {isa = PBXFileReference; fileEncoding = 4; lastKnownFileType = file.xib; path = NothingFoundCell.xib; sourceTree = "<group>"; };
		438C8AF826838C8F00F398AA /* LoadingCell.xib */ = {isa = PBXFileReference; fileEncoding = 4; lastKnownFileType = file.xib; path = LoadingCell.xib; sourceTree = "<group>"; };
		438C8B1126839FCE00F398AA /* DetailViewController.swift */ = {isa = PBXFileReference; lastKnownFileType = sourcecode.swift; path = DetailViewController.swift; sourceTree = "<group>"; };
/* End PBXFileReference section */

/* Begin PBXFrameworksBuildPhase section */
		432E4114268350B200412E15 /* Frameworks */ = {
			isa = PBXFrameworksBuildPhase;
			buildActionMask = 2147483647;
			files = (
			);
			runOnlyForDeploymentPostprocessing = 0;
		};
		432E412A268350B300412E15 /* Frameworks */ = {
			isa = PBXFrameworksBuildPhase;
			buildActionMask = 2147483647;
			files = (
			);
			runOnlyForDeploymentPostprocessing = 0;
		};
		432E4135268350B300412E15 /* Frameworks */ = {
			isa = PBXFrameworksBuildPhase;
			buildActionMask = 2147483647;
			files = (
			);
			runOnlyForDeploymentPostprocessing = 0;
		};
/* End PBXFrameworksBuildPhase section */

/* Begin PBXGroup section */
		432E410E268350B200412E15 = {
			isa = PBXGroup;
			children = (
				432E4119268350B200412E15 /* Planets */,
				432E4130268350B300412E15 /* PlanetsTests */,
				432E413B268350B300412E15 /* PlanetsUITests */,
				432E4118268350B200412E15 /* Products */,
			);
			sourceTree = "<group>";
		};
		432E4118268350B200412E15 /* Products */ = {
			isa = PBXGroup;
			children = (
				432E4117268350B200412E15 /* Planets.app */,
				432E412D268350B300412E15 /* PlanetsTests.xctest */,
				432E4138268350B300412E15 /* PlanetsUITests.xctest */,
			);
			name = Products;
			sourceTree = "<group>";
		};
		432E4119268350B200412E15 /* Planets */ = {
			isa = PBXGroup;
			children = (
				43E8455B2683532600EB9902 /* Application */,
				438C8AD7268381FA00F398AA /* Model */,
				43E8455C2683535300EB9902 /* Controller */,
				43E845602683535D00EB9902 /* View */,
				43E845612683537400EB9902 /* Resources */,
				432E4128268350B300412E15 /* Info.plist */,
			);
			path = Planets;
			sourceTree = "<group>";
		};
		432E4130268350B300412E15 /* PlanetsTests */ = {
			isa = PBXGroup;
			children = (
				432E4131268350B300412E15 /* PlanetsTests.swift */,
				432E4133268350B300412E15 /* Info.plist */,
			);
			path = PlanetsTests;
			sourceTree = "<group>";
		};
		432E413B268350B300412E15 /* PlanetsUITests */ = {
			isa = PBXGroup;
			children = (
				432E413C268350B300412E15 /* PlanetsUITests.swift */,
				432E413E268350B300412E15 /* Info.plist */,
			);
			path = PlanetsUITests;
			sourceTree = "<group>";
		};
		438C8AD7268381FA00F398AA /* Model */ = {
			isa = PBXGroup;
			children = (
				438C8AD0268381EF00F398AA /* PlanetManager.swift */,
				438C8AD1268381EF00F398AA /* PlanetModel.swift */,
			);
			path = Model;
			sourceTree = "<group>";
		};
		43E8455B2683532600EB9902 /* Application */ = {
			isa = PBXGroup;
			children = (
				432E411A268350B200412E15 /* AppDelegate.swift */,
				432E411C268350B200412E15 /* SceneDelegate.swift */,
			);
			path = Application;
			sourceTree = "<group>";
		};
		43E8455C2683535300EB9902 /* Controller */ = {
			isa = PBXGroup;
			children = (
				432E411E268350B200412E15 /* PlanetsViewController.swift */,
				438C8B1126839FCE00F398AA /* DetailViewController.swift */,
			);
			path = Controller;
			sourceTree = "<group>";
		};
		43E845602683535D00EB9902 /* View */ = {
			isa = PBXGroup;
			children = (
				438C8AF626838C8F00F398AA /* LoadingCell.swift */,
				438C8AF826838C8F00F398AA /* LoadingCell.xib */,
				438C8AF726838C8F00F398AA /* NothingFoundCell.xib */,
				438C8AE12683834200F398AA /* Main.storyboard */,
				438C8AEC268385B000F398AA /* SplashScreenViewController.swift */,
				432E4125268350B300412E15 /* LaunchScreen.storyboard */,
			);
			path = View;
			sourceTree = "<group>";
		};
		43E845612683537400EB9902 /* Resources */ = {
			isa = PBXGroup;
			children = (
				438C8AF1268385C700F398AA /* Constants.swift */,
				432E4123268350B300412E15 /* Assets.xcassets */,
			);
			path = Resources;
			sourceTree = "<group>";
		};
/* End PBXGroup section */

/* Begin PBXNativeTarget section */
		432E4116268350B200412E15 /* Planets */ = {
			isa = PBXNativeTarget;
			buildConfigurationList = 432E4141268350B300412E15 /* Build configuration list for PBXNativeTarget "Planets" */;
			buildPhases = (
				432E4113268350B200412E15 /* Sources */,
				432E4114268350B200412E15 /* Frameworks */,
				432E4115268350B200412E15 /* Resources */,
			);
			buildRules = (
			);
			dependencies = (
			);
			name = Planets;
			productName = Planets;
			productReference = 432E4117268350B200412E15 /* Planets.app */;
			productType = "com.apple.product-type.application";
		};
		432E412C268350B300412E15 /* PlanetsTests */ = {
			isa = PBXNativeTarget;
			buildConfigurationList = 432E4144268350B300412E15 /* Build configuration list for PBXNativeTarget "PlanetsTests" */;
			buildPhases = (
				432E4129268350B300412E15 /* Sources */,
				432E412A268350B300412E15 /* Frameworks */,
				432E412B268350B300412E15 /* Resources */,
			);
			buildRules = (
			);
			dependencies = (
				432E412F268350B300412E15 /* PBXTargetDependency */,
			);
			name = PlanetsTests;
			productName = PlanetsTests;
			productReference = 432E412D268350B300412E15 /* PlanetsTests.xctest */;
			productType = "com.apple.product-type.bundle.unit-test";
		};
		432E4137268350B300412E15 /* PlanetsUITests */ = {
			isa = PBXNativeTarget;
			buildConfigurationList = 432E4147268350B300412E15 /* Build configuration list for PBXNativeTarget "PlanetsUITests" */;
			buildPhases = (
				432E4134268350B300412E15 /* Sources */,
				432E4135268350B300412E15 /* Frameworks */,
				432E4136268350B300412E15 /* Resources */,
			);
			buildRules = (
			);
			dependencies = (
				432E413A268350B300412E15 /* PBXTargetDependency */,
			);
			name = PlanetsUITests;
			productName = PlanetsUITests;
			productReference = 432E4138268350B300412E15 /* PlanetsUITests.xctest */;
			productType = "com.apple.product-type.bundle.ui-testing";
		};
/* End PBXNativeTarget section */

/* Begin PBXProject section */
		432E410F268350B200412E15 /* Project object */ = {
			isa = PBXProject;
			attributes = {
				LastSwiftUpdateCheck = 1240;
				LastUpgradeCheck = 1240;
				TargetAttributes = {
					432E4116268350B200412E15 = {
						CreatedOnToolsVersion = 12.4;
					};
					432E412C268350B300412E15 = {
						CreatedOnToolsVersion = 12.4;
						TestTargetID = 432E4116268350B200412E15;
					};
					432E4137268350B300412E15 = {
						CreatedOnToolsVersion = 12.4;
						TestTargetID = 432E4116268350B200412E15;
					};
				};
			};
			buildConfigurationList = 432E4112268350B200412E15 /* Build configuration list for PBXProject "Planets" */;
			compatibilityVersion = "Xcode 9.3";
			developmentRegion = en;
			hasScannedForEncodings = 0;
			knownRegions = (
				en,
				Base,
			);
			mainGroup = 432E410E268350B200412E15;
			productRefGroup = 432E4118268350B200412E15 /* Products */;
			projectDirPath = "";
			projectRoot = "";
			targets = (
				432E4116268350B200412E15 /* Planets */,
				432E412C268350B300412E15 /* PlanetsTests */,
				432E4137268350B300412E15 /* PlanetsUITests */,
			);
		};
/* End PBXProject section */

/* Begin PBXResourcesBuildPhase section */
		432E4115268350B200412E15 /* Resources */ = {
			isa = PBXResourcesBuildPhase;
			buildActionMask = 2147483647;
			files = (
				438C8AFA26838C8F00F398AA /* NothingFoundCell.xib in Resources */,
				432E4127268350B300412E15 /* LaunchScreen.storyboard in Resources */,
				432E4124268350B300412E15 /* Assets.xcassets in Resources */,
				438C8AFB26838C8F00F398AA /* LoadingCell.xib in Resources */,
				438C8AE22683834200F398AA /* Main.storyboard in Resources */,
			);
			runOnlyForDeploymentPostprocessing = 0;
		};
		432E412B268350B300412E15 /* Resources */ = {
			isa = PBXResourcesBuildPhase;
			buildActionMask = 2147483647;
			files = (
			);
			runOnlyForDeploymentPostprocessing = 0;
		};
		432E4136268350B300412E15 /* Resources */ = {
			isa = PBXResourcesBuildPhase;
			buildActionMask = 2147483647;
			files = (
			);
			runOnlyForDeploymentPostprocessing = 0;
		};
/* End PBXResourcesBuildPhase section */

/* Begin PBXSourcesBuildPhase section */
		432E4113268350B200412E15 /* Sources */ = {
			isa = PBXSourcesBuildPhase;
			buildActionMask = 2147483647;
			files = (
				432E411F268350B200412E15 /* PlanetsViewController.swift in Sources */,
				438C8AD2268381EF00F398AA /* PlanetManager.swift in Sources */,
				438C8AF926838C8F00F398AA /* LoadingCell.swift in Sources */,
				438C8B1226839FCE00F398AA /* DetailViewController.swift in Sources */,
				438C8AED268385B000F398AA /* SplashScreenViewController.swift in Sources */,
				432E411B268350B200412E15 /* AppDelegate.swift in Sources */,
				438C8AF2268385C700F398AA /* Constants.swift in Sources */,
				432E411D268350B200412E15 /* SceneDelegate.swift in Sources */,
				438C8AD3268381EF00F398AA /* PlanetModel.swift in Sources */,
			);
			runOnlyForDeploymentPostprocessing = 0;
		};
		432E4129268350B300412E15 /* Sources */ = {
			isa = PBXSourcesBuildPhase;
			buildActionMask = 2147483647;
			files = (
				432E4132268350B300412E15 /* PlanetsTests.swift in Sources */,
			);
			runOnlyForDeploymentPostprocessing = 0;
		};
		432E4134268350B300412E15 /* Sources */ = {
			isa = PBXSourcesBuildPhase;
			buildActionMask = 2147483647;
			files = (
				432E413D268350B300412E15 /* PlanetsUITests.swift in Sources */,
			);
			runOnlyForDeploymentPostprocessing = 0;
		};
/* End PBXSourcesBuildPhase section */

/* Begin PBXTargetDependency section */
		432E412F268350B300412E15 /* PBXTargetDependency */ = {
			isa = PBXTargetDependency;
			target = 432E4116268350B200412E15 /* Planets */;
			targetProxy = 432E412E268350B300412E15 /* PBXContainerItemProxy */;
		};
		432E413A268350B300412E15 /* PBXTargetDependency */ = {
			isa = PBXTargetDependency;
			target = 432E4116268350B200412E15 /* Planets */;
			targetProxy = 432E4139268350B300412E15 /* PBXContainerItemProxy */;
		};
/* End PBXTargetDependency section */

/* Begin PBXVariantGroup section */
		432E4125268350B300412E15 /* LaunchScreen.storyboard */ = {
			isa = PBXVariantGroup;
			children = (
				432E4126268350B300412E15 /* Base */,
			);
			name = LaunchScreen.storyboard;
			sourceTree = "<group>";
		};
/* End PBXVariantGroup section */

/* Begin XCBuildConfiguration section */
		432E413F268350B300412E15 /* Debug */ = {
			isa = XCBuildConfiguration;
			buildSettings = {
				ALWAYS_SEARCH_USER_PATHS = NO;
				CLANG_ANALYZER_NONNULL = YES;
				CLANG_ANALYZER_NUMBER_OBJECT_CONVERSION = YES_AGGRESSIVE;
				CLANG_CXX_LANGUAGE_STANDARD = "gnu++14";
				CLANG_CXX_LIBRARY = "libc++";
				CLANG_ENABLE_MODULES = YES;
				CLANG_ENABLE_OBJC_ARC = YES;
				CLANG_ENABLE_OBJC_WEAK = YES;
				CLANG_WARN_BLOCK_CAPTURE_AUTORELEASING = YES;
				CLANG_WARN_BOOL_CONVERSION = YES;
				CLANG_WARN_COMMA = YES;
				CLANG_WARN_CONSTANT_CONVERSION = YES;
				CLANG_WARN_DEPRECATED_OBJC_IMPLEMENTATIONS = YES;
				CLANG_WARN_DIRECT_OBJC_ISA_USAGE = YES_ERROR;
				CLANG_WARN_DOCUMENTATION_COMMENTS = YES;
				CLANG_WARN_EMPTY_BODY = YES;
				CLANG_WARN_ENUM_CONVERSION = YES;
				CLANG_WARN_INFINITE_RECURSION = YES;
				CLANG_WARN_INT_CONVERSION = YES;
				CLANG_WARN_NON_LITERAL_NULL_CONVERSION = YES;
				CLANG_WARN_OBJC_IMPLICIT_RETAIN_SELF = YES;
				CLANG_WARN_OBJC_LITERAL_CONVERSION = YES;
				CLANG_WARN_OBJC_ROOT_CLASS = YES_ERROR;
				CLANG_WARN_QUOTED_INCLUDE_IN_FRAMEWORK_HEADER = YES;
				CLANG_WARN_RANGE_LOOP_ANALYSIS = YES;
				CLANG_WARN_STRICT_PROTOTYPES = YES;
				CLANG_WARN_SUSPICIOUS_MOVE = YES;
				CLANG_WARN_UNGUARDED_AVAILABILITY = YES_AGGRESSIVE;
				CLANG_WARN_UNREACHABLE_CODE = YES;
				CLANG_WARN__DUPLICATE_METHOD_MATCH = YES;
				COPY_PHASE_STRIP = NO;
				DEBUG_INFORMATION_FORMAT = dwarf;
				ENABLE_STRICT_OBJC_MSGSEND = YES;
				ENABLE_TESTABILITY = YES;
				GCC_C_LANGUAGE_STANDARD = gnu11;
				GCC_DYNAMIC_NO_PIC = NO;
				GCC_NO_COMMON_BLOCKS = YES;
				GCC_OPTIMIZATION_LEVEL = 0;
				GCC_PREPROCESSOR_DEFINITIONS = (
					"DEBUG=1",
					"$(inherited)",
				);
				GCC_WARN_64_TO_32_BIT_CONVERSION = YES;
				GCC_WARN_ABOUT_RETURN_TYPE = YES_ERROR;
				GCC_WARN_UNDECLARED_SELECTOR = YES;
				GCC_WARN_UNINITIALIZED_AUTOS = YES_AGGRESSIVE;
				GCC_WARN_UNUSED_FUNCTION = YES;
				GCC_WARN_UNUSED_VARIABLE = YES;
				IPHONEOS_DEPLOYMENT_TARGET = 14.4;
				MTL_ENABLE_DEBUG_INFO = INCLUDE_SOURCE;
				MTL_FAST_MATH = YES;
				ONLY_ACTIVE_ARCH = YES;
				SDKROOT = iphoneos;
				SWIFT_ACTIVE_COMPILATION_CONDITIONS = DEBUG;
				SWIFT_OPTIMIZATION_LEVEL = "-Onone";
			};
			name = Debug;
		};
		432E4140268350B300412E15 /* Release */ = {
			isa = XCBuildConfiguration;
			buildSettings = {
				ALWAYS_SEARCH_USER_PATHS = NO;
				CLANG_ANALYZER_NONNULL = YES;
				CLANG_ANALYZER_NUMBER_OBJECT_CONVERSION = YES_AGGRESSIVE;
				CLANG_CXX_LANGUAGE_STANDARD = "gnu++14";
				CLANG_CXX_LIBRARY = "libc++";
				CLANG_ENABLE_MODULES = YES;
				CLANG_ENABLE_OBJC_ARC = YES;
				CLANG_ENABLE_OBJC_WEAK = YES;
				CLANG_WARN_BLOCK_CAPTURE_AUTORELEASING = YES;
				CLANG_WARN_BOOL_CONVERSION = YES;
				CLANG_WARN_COMMA = YES;
				CLANG_WARN_CONSTANT_CONVERSION = YES;
				CLANG_WARN_DEPRECATED_OBJC_IMPLEMENTATIONS = YES;
				CLANG_WARN_DIRECT_OBJC_ISA_USAGE = YES_ERROR;
				CLANG_WARN_DOCUMENTATION_COMMENTS = YES;
				CLANG_WARN_EMPTY_BODY = YES;
				CLANG_WARN_ENUM_CONVERSION = YES;
				CLANG_WARN_INFINITE_RECURSION = YES;
				CLANG_WARN_INT_CONVERSION = YES;
				CLANG_WARN_NON_LITERAL_NULL_CONVERSION = YES;
				CLANG_WARN_OBJC_IMPLICIT_RETAIN_SELF = YES;
				CLANG_WARN_OBJC_LITERAL_CONVERSION = YES;
				CLANG_WARN_OBJC_ROOT_CLASS = YES_ERROR;
				CLANG_WARN_QUOTED_INCLUDE_IN_FRAMEWORK_HEADER = YES;
				CLANG_WARN_RANGE_LOOP_ANALYSIS = YES;
				CLANG_WARN_STRICT_PROTOTYPES = YES;
				CLANG_WARN_SUSPICIOUS_MOVE = YES;
				CLANG_WARN_UNGUARDED_AVAILABILITY = YES_AGGRESSIVE;
				CLANG_WARN_UNREACHABLE_CODE = YES;
				CLANG_WARN__DUPLICATE_METHOD_MATCH = YES;
				COPY_PHASE_STRIP = NO;
				DEBUG_INFORMATION_FORMAT = "dwarf-with-dsym";
				ENABLE_NS_ASSERTIONS = NO;
				ENABLE_STRICT_OBJC_MSGSEND = YES;
				GCC_C_LANGUAGE_STANDARD = gnu11;
				GCC_NO_COMMON_BLOCKS = YES;
				GCC_WARN_64_TO_32_BIT_CONVERSION = YES;
				GCC_WARN_ABOUT_RETURN_TYPE = YES_ERROR;
				GCC_WARN_UNDECLARED_SELECTOR = YES;
				GCC_WARN_UNINITIALIZED_AUTOS = YES_AGGRESSIVE;
				GCC_WARN_UNUSED_FUNCTION = YES;
				GCC_WARN_UNUSED_VARIABLE = YES;
				IPHONEOS_DEPLOYMENT_TARGET = 14.4;
				MTL_ENABLE_DEBUG_INFO = NO;
				MTL_FAST_MATH = YES;
				SDKROOT = iphoneos;
				SWIFT_COMPILATION_MODE = wholemodule;
				SWIFT_OPTIMIZATION_LEVEL = "-O";
				VALIDATE_PRODUCT = YES;
			};
			name = Release;
		};
		432E4142268350B300412E15 /* Debug */ = {
			isa = XCBuildConfiguration;
			buildSettings = {
				ASSETCATALOG_COMPILER_APPICON_NAME = AppIcon;
				ASSETCATALOG_COMPILER_GLOBAL_ACCENT_COLOR_NAME = AccentColor;
				CODE_SIGN_STYLE = Automatic;
				INFOPLIST_FILE = Planets/Info.plist;
				LD_RUNPATH_SEARCH_PATHS = (
					"$(inherited)",
					"@executable_path/Frameworks",
				);
				PRODUCT_BUNDLE_IDENTIFIER = corascompanycode.Planets;
				PRODUCT_NAME = "$(TARGET_NAME)";
				SWIFT_VERSION = 5.0;
				TARGETED_DEVICE_FAMILY = "1,2";
			};
			name = Debug;
		};
		432E4143268350B300412E15 /* Release */ = {
			isa = XCBuildConfiguration;
			buildSettings = {
				ASSETCATALOG_COMPILER_APPICON_NAME = AppIcon;
				ASSETCATALOG_COMPILER_GLOBAL_ACCENT_COLOR_NAME = AccentColor;
				CODE_SIGN_STYLE = Automatic;
				INFOPLIST_FILE = Planets/Info.plist;
				LD_RUNPATH_SEARCH_PATHS = (
					"$(inherited)",
					"@executable_path/Frameworks",
				);
				PRODUCT_BUNDLE_IDENTIFIER = corascompanycode.Planets;
				PRODUCT_NAME = "$(TARGET_NAME)";
				SWIFT_VERSION = 5.0;
				TARGETED_DEVICE_FAMILY = "1,2";
			};
			name = Release;
		};
		432E4145268350B300412E15 /* Debug */ = {
			isa = XCBuildConfiguration;
			buildSettings = {
				ALWAYS_EMBED_SWIFT_STANDARD_LIBRARIES = YES;
				BUNDLE_LOADER = "$(TEST_HOST)";
				CODE_SIGN_STYLE = Automatic;
				INFOPLIST_FILE = PlanetsTests/Info.plist;
				IPHONEOS_DEPLOYMENT_TARGET = 14.4;
				LD_RUNPATH_SEARCH_PATHS = (
					"$(inherited)",
					"@executable_path/Frameworks",
					"@loader_path/Frameworks",
				);
				PRODUCT_BUNDLE_IDENTIFIER = corascompanycode.PlanetsTests;
				PRODUCT_NAME = "$(TARGET_NAME)";
				SWIFT_VERSION = 5.0;
				TARGETED_DEVICE_FAMILY = "1,2";
				TEST_HOST = "$(BUILT_PRODUCTS_DIR)/Planets.app/Planets";
			};
			name = Debug;
		};
		432E4146268350B300412E15 /* Release */ = {
			isa = XCBuildConfiguration;
			buildSettings = {
				ALWAYS_EMBED_SWIFT_STANDARD_LIBRARIES = YES;
				BUNDLE_LOADER = "$(TEST_HOST)";
				CODE_SIGN_STYLE = Automatic;
				INFOPLIST_FILE = PlanetsTests/Info.plist;
				IPHONEOS_DEPLOYMENT_TARGET = 14.4;
				LD_RUNPATH_SEARCH_PATHS = (
					"$(inherited)",
					"@executable_path/Frameworks",
					"@loader_path/Frameworks",
				);
				PRODUCT_BUNDLE_IDENTIFIER = corascompanycode.PlanetsTests;
				PRODUCT_NAME = "$(TARGET_NAME)";
				SWIFT_VERSION = 5.0;
				TARGETED_DEVICE_FAMILY = "1,2";
				TEST_HOST = "$(BUILT_PRODUCTS_DIR)/Planets.app/Planets";
			};
			name = Release;
		};
		432E4148268350B300412E15 /* Debug */ = {
			isa = XCBuildConfiguration;
			buildSettings = {
				ALWAYS_EMBED_SWIFT_STANDARD_LIBRARIES = YES;
				CODE_SIGN_STYLE = Automatic;
				INFOPLIST_FILE = PlanetsUITests/Info.plist;
				LD_RUNPATH_SEARCH_PATHS = (
					"$(inherited)",
					"@executable_path/Frameworks",
					"@loader_path/Frameworks",
				);
				PRODUCT_BUNDLE_IDENTIFIER = corascompanycode.PlanetsUITests;
				PRODUCT_NAME = "$(TARGET_NAME)";
				SWIFT_VERSION = 5.0;
				TARGETED_DEVICE_FAMILY = "1,2";
				TEST_TARGET_NAME = Planets;
			};
			name = Debug;
		};
		432E4149268350B300412E15 /* Release */ = {
			isa = XCBuildConfiguration;
			buildSettings = {
				ALWAYS_EMBED_SWIFT_STANDARD_LIBRARIES = YES;
				CODE_SIGN_STYLE = Automatic;
				INFOPLIST_FILE = PlanetsUITests/Info.plist;
				LD_RUNPATH_SEARCH_PATHS = (
					"$(inherited)",
					"@executable_path/Frameworks",
					"@loader_path/Frameworks",
				);
				PRODUCT_BUNDLE_IDENTIFIER = corascompanycode.PlanetsUITests;
				PRODUCT_NAME = "$(TARGET_NAME)";
				SWIFT_VERSION = 5.0;
				TARGETED_DEVICE_FAMILY = "1,2";
				TEST_TARGET_NAME = Planets;
			};
			name = Release;
		};
/* End XCBuildConfiguration section */

/* Begin XCConfigurationList section */
		432E4112268350B200412E15 /* Build configuration list for PBXProject "Planets" */ = {
			isa = XCConfigurationList;
			buildConfigurations = (
				432E413F268350B300412E15 /* Debug */,
				432E4140268350B300412E15 /* Release */,
			);
			defaultConfigurationIsVisible = 0;
			defaultConfigurationName = Release;
		};
		432E4141268350B300412E15 /* Build configuration list for PBXNativeTarget "Planets" */ = {
			isa = XCConfigurationList;
			buildConfigurations = (
				432E4142268350B300412E15 /* Debug */,
				432E4143268350B300412E15 /* Release */,
			);
			defaultConfigurationIsVisible = 0;
			defaultConfigurationName = Release;
		};
		432E4144268350B300412E15 /* Build configuration list for PBXNativeTarget "PlanetsTests" */ = {
			isa = XCConfigurationList;
			buildConfigurations = (
				432E4145268350B300412E15 /* Debug */,
				432E4146268350B300412E15 /* Release */,
			);
			defaultConfigurationIsVisible = 0;
			defaultConfigurationName = Release;
		};
		432E4147268350B300412E15 /* Build configuration list for PBXNativeTarget "PlanetsUITests" */ = {
			isa = XCConfigurationList;
			buildConfigurations = (
				432E4148268350B300412E15 /* Debug */,
				432E4149268350B300412E15 /* Release */,
			);
			defaultConfigurationIsVisible = 0;
			defaultConfigurationName = Release;
		};
/* End XCConfigurationList section */
	};
	rootObject = 432E410F268350B200412E15 /* Project object */;
}
